
Microsoft Visual Studio Solution File, Format Version 12.00
# Visual Studio Version 16
VisualStudioVersion = 16.0.31205.134
MinimumVisualStudioVersion = 10.0.40219.1
Project("{9A19103F-16F7-4668-BE54-9A1E7A4F7556}") = "Tarea3DWBE", "Tarea4DWBE\Tarea3DWBE.csproj", "{D9F3866E-D8E3-48B8-B6B7-BD30147194AF}"
EndProject
Global
	GlobalSection(SolutionConfigurationPlatforms) = preSolution
		Debug|Any CPU = Debug|Any CPU
		Release|Any CPU = Release|Any CPU
	EndGlobalSection
	GlobalSection(ProjectConfigurationPlatforms) = postSolution
		{D9F3866E-D8E3-48B8-B6B7-BD30147194AF}.Debug|Any CPU.ActiveCfg = Debug|Any CPU
		{D9F3866E-D8E3-48B8-B6B7-BD30147194AF}.Debug|Any CPU.Build.0 = Debug|Any CPU
		{D9F3866E-D8E3-48B8-B6B7-BD30147194AF}.Release|Any CPU.ActiveCfg = Release|Any CPU
		{D9F3866E-D8E3-48B8-B6B7-BD30147194AF}.Release|Any CPU.Build.0 = Release|Any CPU
	EndGlobalSection
	GlobalSection(SolutionProperties) = preSolution
		HideSolutionNode = FALSE
	EndGlobalSection
	GlobalSection(ExtensibilityGlobals) = postSolution
		SolutionGuid = {FB896F56-4958-4A39-8A35-E6B4D47DF28E}
	EndGlobalSection
EndGlobal
